// !$*UTF8*$!
{
	archiveVersion = 1;
	classes = {
	};
	objectVersion = 56;
	objects = {

/* Begin PBXBuildFile section */
		4CA952ED2BAF3F8100AD76A2 /* ScrumdingerApp.swift in Sources */ = {isa = PBXBuildFile; fileRef = 4CA952EC2BAF3F8100AD76A2 /* ScrumdingerApp.swift */; };
		4CA952EF2BAF3F8100AD76A2 /* MeetingView.swift in Sources */ = {isa = PBXBuildFile; fileRef = 4CA952EE2BAF3F8100AD76A2 /* MeetingView.swift */; };
		4CA952F12BAF3F8200AD76A2 /* Assets.xcassets in Resources */ = {isa = PBXBuildFile; fileRef = 4CA952F02BAF3F8200AD76A2 /* Assets.xcassets */; };
		4CA952F42BAF3F8200AD76A2 /* Preview Assets.xcassets in Resources */ = {isa = PBXBuildFile; fileRef = 4CA952F32BAF3F8200AD76A2 /* Preview Assets.xcassets */; };
		4CA952FE2BAF3F8200AD76A2 /* ScrumdingerTests.swift in Sources */ = {isa = PBXBuildFile; fileRef = 4CA952FD2BAF3F8200AD76A2 /* ScrumdingerTests.swift */; };
		4CA953082BAF3F8200AD76A2 /* ScrumdingerUITests.swift in Sources */ = {isa = PBXBuildFile; fileRef = 4CA953072BAF3F8200AD76A2 /* ScrumdingerUITests.swift */; };
		4CA9530A2BAF3F8200AD76A2 /* ScrumdingerUITestsLaunchTests.swift in Sources */ = {isa = PBXBuildFile; fileRef = 4CA953092BAF3F8200AD76A2 /* ScrumdingerUITestsLaunchTests.swift */; };
		4CA953182BAF622D00AD76A2 /* Theme.swift in Sources */ = {isa = PBXBuildFile; fileRef = 4CA953172BAF622D00AD76A2 /* Theme.swift */; };
		4CA9531A2BAF64A800AD76A2 /* DailyScrum.swift in Sources */ = {isa = PBXBuildFile; fileRef = 4CA953192BAF64A800AD76A2 /* DailyScrum.swift */; };
		4CA9531C2BAF658100AD76A2 /* CardView.swift in Sources */ = {isa = PBXBuildFile; fileRef = 4CA9531B2BAF658100AD76A2 /* CardView.swift */; };
		4CA953232BAF716500AD76A2 /* TrailingIconLabelStyle.swift in Sources */ = {isa = PBXBuildFile; fileRef = 4CA953222BAF716500AD76A2 /* TrailingIconLabelStyle.swift */; };
		4CA953252BAF76B000AD76A2 /* ScrumsView.swift in Sources */ = {isa = PBXBuildFile; fileRef = 4CA953242BAF76B000AD76A2 /* ScrumsView.swift */; };
		4CB8258F2BAF8E24000ACCE7 /* DetailView.swift in Sources */ = {isa = PBXBuildFile; fileRef = 4CB8258E2BAF8E24000ACCE7 /* DetailView.swift */; };
		4CB825912BAFA17E000ACCE7 /* DetailEditView.swift in Sources */ = {isa = PBXBuildFile; fileRef = 4CB825902BAFA17E000ACCE7 /* DetailEditView.swift */; };
/* End PBXBuildFile section */

/* Begin PBXContainerItemProxy section */
		4CA952FA2BAF3F8200AD76A2 /* PBXContainerItemProxy */ = {
			isa = PBXContainerItemProxy;
			containerPortal = 4CA952E12BAF3F8100AD76A2 /* Project object */;
			proxyType = 1;
			remoteGlobalIDString = 4CA952E82BAF3F8100AD76A2;
			remoteInfo = Scrumdinger;
		};
		4CA953042BAF3F8200AD76A2 /* PBXContainerItemProxy */ = {
			isa = PBXContainerItemProxy;
			containerPortal = 4CA952E12BAF3F8100AD76A2 /* Project object */;
			proxyType = 1;
			remoteGlobalIDString = 4CA952E82BAF3F8100AD76A2;
			remoteInfo = Scrumdinger;
		};
/* End PBXContainerItemProxy section */

/* Begin PBXFileReference section */
		4CA952E92BAF3F8100AD76A2 /* Scrumdinger.app */ = {isa = PBXFileReference; explicitFileType = wrapper.application; includeInIndex = 0; path = Scrumdinger.app; sourceTree = BUILT_PRODUCTS_DIR; };
		4CA952EC2BAF3F8100AD76A2 /* ScrumdingerApp.swift */ = {isa = PBXFileReference; lastKnownFileType = sourcecode.swift; path = ScrumdingerApp.swift; sourceTree = "<group>"; };
		4CA952EE2BAF3F8100AD76A2 /* MeetingView.swift */ = {isa = PBXFileReference; lastKnownFileType = sourcecode.swift; path = MeetingView.swift; sourceTree = "<group>"; };
		4CA952F02BAF3F8200AD76A2 /* Assets.xcassets */ = {isa = PBXFileReference; lastKnownFileType = folder.assetcatalog; path = Assets.xcassets; sourceTree = "<group>"; };
		4CA952F32BAF3F8200AD76A2 /* Preview Assets.xcassets */ = {isa = PBXFileReference; lastKnownFileType = folder.assetcatalog; path = "Preview Assets.xcassets"; sourceTree = "<group>"; };
		4CA952F92BAF3F8200AD76A2 /* ScrumdingerTests.xctest */ = {isa = PBXFileReference; explicitFileType = wrapper.cfbundle; includeInIndex = 0; path = ScrumdingerTests.xctest; sourceTree = BUILT_PRODUCTS_DIR; };
		4CA952FD2BAF3F8200AD76A2 /* ScrumdingerTests.swift */ = {isa = PBXFileReference; lastKnownFileType = sourcecode.swift; path = ScrumdingerTests.swift; sourceTree = "<group>"; };
		4CA953032BAF3F8200AD76A2 /* ScrumdingerUITests.xctest */ = {isa = PBXFileReference; explicitFileType = wrapper.cfbundle; includeInIndex = 0; path = ScrumdingerUITests.xctest; sourceTree = BUILT_PRODUCTS_DIR; };
		4CA953072BAF3F8200AD76A2 /* ScrumdingerUITests.swift */ = {isa = PBXFileReference; lastKnownFileType = sourcecode.swift; path = ScrumdingerUITests.swift; sourceTree = "<group>"; };
		4CA953092BAF3F8200AD76A2 /* ScrumdingerUITestsLaunchTests.swift */ = {isa = PBXFileReference; lastKnownFileType = sourcecode.swift; path = ScrumdingerUITestsLaunchTests.swift; sourceTree = "<group>"; };
		4CA953172BAF622D00AD76A2 /* Theme.swift */ = {isa = PBXFileReference; lastKnownFileType = sourcecode.swift; path = Theme.swift; sourceTree = "<group>"; };
		4CA953192BAF64A800AD76A2 /* DailyScrum.swift */ = {isa = PBXFileReference; lastKnownFileType = sourcecode.swift; path = DailyScrum.swift; sourceTree = "<group>"; };
		4CA9531B2BAF658100AD76A2 /* CardView.swift */ = {isa = PBXFileReference; lastKnownFileType = sourcecode.swift; path = CardView.swift; sourceTree = "<group>"; };
		4CA953222BAF716500AD76A2 /* TrailingIconLabelStyle.swift */ = {isa = PBXFileReference; lastKnownFileType = sourcecode.swift; path = TrailingIconLabelStyle.swift; sourceTree = "<group>"; };
		4CA953242BAF76B000AD76A2 /* ScrumsView.swift */ = {isa = PBXFileReference; lastKnownFileType = sourcecode.swift; path = ScrumsView.swift; sourceTree = "<group>"; };
		4CB8258E2BAF8E24000ACCE7 /* DetailView.swift */ = {isa = PBXFileReference; lastKnownFileType = sourcecode.swift; path = DetailView.swift; sourceTree = "<group>"; };
		4CB825902BAFA17E000ACCE7 /* DetailEditView.swift */ = {isa = PBXFileReference; lastKnownFileType = sourcecode.swift; path = DetailEditView.swift; sourceTree = "<group>"; };
/* End PBXFileReference section */

/* Begin PBXFrameworksBuildPhase section */
		4CA952E62BAF3F8100AD76A2 /* Frameworks */ = {
			isa = PBXFrameworksBuildPhase;
			buildActionMask = 2147483647;
			files = (
			);
			runOnlyForDeploymentPostprocessing = 0;
		};
		4CA952F62BAF3F8200AD76A2 /* Frameworks */ = {
			isa = PBXFrameworksBuildPhase;
			buildActionMask = 2147483647;
			files = (
			);
			runOnlyForDeploymentPostprocessing = 0;
		};
		4CA953002BAF3F8200AD76A2 /* Frameworks */ = {
			isa = PBXFrameworksBuildPhase;
			buildActionMask = 2147483647;
			files = (
			);
			runOnlyForDeploymentPostprocessing = 0;
		};
/* End PBXFrameworksBuildPhase section */

/* Begin PBXGroup section */
		4CA952E02BAF3F8100AD76A2 = {
			isa = PBXGroup;
			children = (
				4CA952EB2BAF3F8100AD76A2 /* Scrumdinger */,
				4CA952FC2BAF3F8200AD76A2 /* ScrumdingerTests */,
				4CA953062BAF3F8200AD76A2 /* ScrumdingerUITests */,
				4CA952EA2BAF3F8100AD76A2 /* Products */,
			);
			sourceTree = "<group>";
		};
		4CA952EA2BAF3F8100AD76A2 /* Products */ = {
			isa = PBXGroup;
			children = (
				4CA952E92BAF3F8100AD76A2 /* Scrumdinger.app */,
				4CA952F92BAF3F8200AD76A2 /* ScrumdingerTests.xctest */,
				4CA953032BAF3F8200AD76A2 /* ScrumdingerUITests.xctest */,
			);
			name = Products;
			sourceTree = "<group>";
		};
		4CA952EB2BAF3F8100AD76A2 /* Scrumdinger */ = {
			isa = PBXGroup;
			children = (
				4CA9531F2BAF6FA700AD76A2 /* data */,
				4CA9531E2BAF6F8600AD76A2 /* ui */,
				4CA952EC2BAF3F8100AD76A2 /* ScrumdingerApp.swift */,
				4CA952F02BAF3F8200AD76A2 /* Assets.xcassets */,
				4CA952F22BAF3F8200AD76A2 /* Preview Content */,
			);
			path = Scrumdinger;
			sourceTree = "<group>";
		};
		4CA952F22BAF3F8200AD76A2 /* Preview Content */ = {
			isa = PBXGroup;
			children = (
				4CA952F32BAF3F8200AD76A2 /* Preview Assets.xcassets */,
			);
			path = "Preview Content";
			sourceTree = "<group>";
		};
		4CA952FC2BAF3F8200AD76A2 /* ScrumdingerTests */ = {
			isa = PBXGroup;
			children = (
				4CA952FD2BAF3F8200AD76A2 /* ScrumdingerTests.swift */,
			);
			path = ScrumdingerTests;
			sourceTree = "<group>";
		};
		4CA953062BAF3F8200AD76A2 /* ScrumdingerUITests */ = {
			isa = PBXGroup;
			children = (
				4CA953072BAF3F8200AD76A2 /* ScrumdingerUITests.swift */,
				4CA953092BAF3F8200AD76A2 /* ScrumdingerUITestsLaunchTests.swift */,
			);
			path = ScrumdingerUITests;
			sourceTree = "<group>";
		};
		4CA9531E2BAF6F8600AD76A2 /* ui */ = {
			isa = PBXGroup;
			children = (
				4CA953212BAF6FBE00AD76A2 /* model */,
				4CA9531B2BAF658100AD76A2 /* CardView.swift */,
				4CA952EE2BAF3F8100AD76A2 /* MeetingView.swift */,
				4CA953222BAF716500AD76A2 /* TrailingIconLabelStyle.swift */,
				4CA953242BAF76B000AD76A2 /* ScrumsView.swift */,
				4CB8258E2BAF8E24000ACCE7 /* DetailView.swift */,
				4CB825902BAFA17E000ACCE7 /* DetailEditView.swift */,
			);
			path = ui;
			sourceTree = "<group>";
		};
		4CA9531F2BAF6FA700AD76A2 /* data */ = {
			isa = PBXGroup;
			children = (
				4CA953202BAF6FAE00AD76A2 /* model */,
			);
			path = data;
			sourceTree = "<group>";
		};
		4CA953202BAF6FAE00AD76A2 /* model */ = {
			isa = PBXGroup;
			children = (
				4CA953192BAF64A800AD76A2 /* DailyScrum.swift */,
			);
			path = model;
			sourceTree = "<group>";
		};
		4CA953212BAF6FBE00AD76A2 /* model */ = {
			isa = PBXGroup;
			children = (
				4CA953172BAF622D00AD76A2 /* Theme.swift */,
			);
			path = model;
			sourceTree = "<group>";
		};
/* End PBXGroup section */

/* Begin PBXNativeTarget section */
		4CA952E82BAF3F8100AD76A2 /* Scrumdinger */ = {
			isa = PBXNativeTarget;
			buildConfigurationList = 4CA9530D2BAF3F8200AD76A2 /* Build configuration list for PBXNativeTarget "Scrumdinger" */;
			buildPhases = (
				4CA952E52BAF3F8100AD76A2 /* Sources */,
				4CA952E62BAF3F8100AD76A2 /* Frameworks */,
				4CA952E72BAF3F8100AD76A2 /* Resources */,
			);
			buildRules = (
			);
			dependencies = (
			);
			name = Scrumdinger;
			productName = Scrumdinger;
			productReference = 4CA952E92BAF3F8100AD76A2 /* Scrumdinger.app */;
			productType = "com.apple.product-type.application";
		};
		4CA952F82BAF3F8200AD76A2 /* ScrumdingerTests */ = {
			isa = PBXNativeTarget;
			buildConfigurationList = 4CA953102BAF3F8200AD76A2 /* Build configuration list for PBXNativeTarget "ScrumdingerTests" */;
			buildPhases = (
				4CA952F52BAF3F8200AD76A2 /* Sources */,
				4CA952F62BAF3F8200AD76A2 /* Frameworks */,
				4CA952F72BAF3F8200AD76A2 /* Resources */,
			);
			buildRules = (
			);
			dependencies = (
				4CA952FB2BAF3F8200AD76A2 /* PBXTargetDependency */,
			);
			name = ScrumdingerTests;
			productName = ScrumdingerTests;
			productReference = 4CA952F92BAF3F8200AD76A2 /* ScrumdingerTests.xctest */;
			productType = "com.apple.product-type.bundle.unit-test";
		};
		4CA953022BAF3F8200AD76A2 /* ScrumdingerUITests */ = {
			isa = PBXNativeTarget;
			buildConfigurationList = 4CA953132BAF3F8200AD76A2 /* Build configuration list for PBXNativeTarget "ScrumdingerUITests" */;
			buildPhases = (
				4CA952FF2BAF3F8200AD76A2 /* Sources */,
				4CA953002BAF3F8200AD76A2 /* Frameworks */,
				4CA953012BAF3F8200AD76A2 /* Resources */,
			);
			buildRules = (
			);
			dependencies = (
				4CA953052BAF3F8200AD76A2 /* PBXTargetDependency */,
			);
			name = ScrumdingerUITests;
			productName = ScrumdingerUITests;
			productReference = 4CA953032BAF3F8200AD76A2 /* ScrumdingerUITests.xctest */;
			productType = "com.apple.product-type.bundle.ui-testing";
		};
/* End PBXNativeTarget section */

/* Begin PBXProject section */
		4CA952E12BAF3F8100AD76A2 /* Project object */ = {
			isa = PBXProject;
			attributes = {
				BuildIndependentTargetsInParallel = 1;
				LastSwiftUpdateCheck = 1530;
				LastUpgradeCheck = 1530;
				TargetAttributes = {
					4CA952E82BAF3F8100AD76A2 = {
						CreatedOnToolsVersion = 15.3;
					};
					4CA952F82BAF3F8200AD76A2 = {
						CreatedOnToolsVersion = 15.3;
						TestTargetID = 4CA952E82BAF3F8100AD76A2;
					};
					4CA953022BAF3F8200AD76A2 = {
						CreatedOnToolsVersion = 15.3;
						TestTargetID = 4CA952E82BAF3F8100AD76A2;
					};
				};
			};
			buildConfigurationList = 4CA952E42BAF3F8100AD76A2 /* Build configuration list for PBXProject "Scrumdinger" */;
			compatibilityVersion = "Xcode 14.0";
			developmentRegion = en;
			hasScannedForEncodings = 0;
			knownRegions = (
				en,
				Base,
			);
			mainGroup = 4CA952E02BAF3F8100AD76A2;
			productRefGroup = 4CA952EA2BAF3F8100AD76A2 /* Products */;
			projectDirPath = "";
			projectRoot = "";
			targets = (
				4CA952E82BAF3F8100AD76A2 /* Scrumdinger */,
				4CA952F82BAF3F8200AD76A2 /* ScrumdingerTests */,
				4CA953022BAF3F8200AD76A2 /* ScrumdingerUITests */,
			);
		};
/* End PBXProject section */

/* Begin PBXResourcesBuildPhase section */
		4CA952E72BAF3F8100AD76A2 /* Resources */ = {
			isa = PBXResourcesBuildPhase;
			buildActionMask = 2147483647;
			files = (
				4CA952F42BAF3F8200AD76A2 /* Preview Assets.xcassets in Resources */,
				4CA952F12BAF3F8200AD76A2 /* Assets.xcassets in Resources */,
			);
			runOnlyForDeploymentPostprocessing = 0;
		};
		4CA952F72BAF3F8200AD76A2 /* Resources */ = {
			isa = PBXResourcesBuildPhase;
			buildActionMask = 2147483647;
			files = (
			);
			runOnlyForDeploymentPostprocessing = 0;
		};
		4CA953012BAF3F8200AD76A2 /* Resources */ = {
			isa = PBXResourcesBuildPhase;
			buildActionMask = 2147483647;
			files = (
			);
			runOnlyForDeploymentPostprocessing = 0;
		};
/* End PBXResourcesBuildPhase section */

/* Begin PBXSourcesBuildPhase section */
		4CA952E52BAF3F8100AD76A2 /* Sources */ = {
			isa = PBXSourcesBuildPhase;
			buildActionMask = 2147483647;
			files = (
				4CA9531A2BAF64A800AD76A2 /* DailyScrum.swift in Sources */,
				4CB8258F2BAF8E24000ACCE7 /* DetailView.swift in Sources */,
				4CA953232BAF716500AD76A2 /* TrailingIconLabelStyle.swift in Sources */,
				4CA953182BAF622D00AD76A2 /* Theme.swift in Sources */,
				4CA953252BAF76B000AD76A2 /* ScrumsView.swift in Sources */,
				4CA952EF2BAF3F8100AD76A2 /* MeetingView.swift in Sources */,
				4CA952ED2BAF3F8100AD76A2 /* ScrumdingerApp.swift in Sources */,
				4CB825912BAFA17E000ACCE7 /* DetailEditView.swift in Sources */,
				4CA9531C2BAF658100AD76A2 /* CardView.swift in Sources */,
			);
			runOnlyForDeploymentPostprocessing = 0;
		};
		4CA952F52BAF3F8200AD76A2 /* Sources */ = {
			isa = PBXSourcesBuildPhase;
			buildActionMask = 2147483647;
			files = (
				4CA952FE2BAF3F8200AD76A2 /* ScrumdingerTests.swift in Sources */,
			);
			runOnlyForDeploymentPostprocessing = 0;
		};
		4CA952FF2BAF3F8200AD76A2 /* Sources */ = {
			isa = PBXSourcesBuildPhase;
			buildActionMask = 2147483647;
			files = (
				4CA9530A2BAF3F8200AD76A2 /* ScrumdingerUITestsLaunchTests.swift in Sources */,
				4CA953082BAF3F8200AD76A2 /* ScrumdingerUITests.swift in Sources */,
			);
			runOnlyForDeploymentPostprocessing = 0;
		};
/* End PBXSourcesBuildPhase section */

/* Begin PBXTargetDependency section */
		4CA952FB2BAF3F8200AD76A2 /* PBXTargetDependency */ = {
			isa = PBXTargetDependency;
			target = 4CA952E82BAF3F8100AD76A2 /* Scrumdinger */;
			targetProxy = 4CA952FA2BAF3F8200AD76A2 /* PBXContainerItemProxy */;
		};
		4CA953052BAF3F8200AD76A2 /* PBXTargetDependency */ = {
			isa = PBXTargetDependency;
			target = 4CA952E82BAF3F8100AD76A2 /* Scrumdinger */;
			targetProxy = 4CA953042BAF3F8200AD76A2 /* PBXContainerItemProxy */;
		};
/* End PBXTargetDependency section */

/* Begin XCBuildConfiguration section */
		4CA9530B2BAF3F8200AD76A2 /* Debug */ = {
			isa = XCBuildConfiguration;
			buildSettings = {
				ALWAYS_SEARCH_USER_PATHS = NO;
				ASSETCATALOG_COMPILER_GENERATE_SWIFT_ASSET_SYMBOL_EXTENSIONS = YES;
				CLANG_ANALYZER_NONNULL = YES;
				CLANG_ANALYZER_NUMBER_OBJECT_CONVERSION = YES_AGGRESSIVE;
				CLANG_CXX_LANGUAGE_STANDARD = "gnu++20";
				CLANG_ENABLE_MODULES = YES;
				CLANG_ENABLE_OBJC_ARC = YES;
				CLANG_ENABLE_OBJC_WEAK = YES;
				CLANG_WARN_BLOCK_CAPTURE_AUTORELEASING = YES;
				CLANG_WARN_BOOL_CONVERSION = YES;
				CLANG_WARN_COMMA = YES;
				CLANG_WARN_CONSTANT_CONVERSION = YES;
				CLANG_WARN_DEPRECATED_OBJC_IMPLEMENTATIONS = YES;
				CLANG_WARN_DIRECT_OBJC_ISA_USAGE = YES_ERROR;
				CLANG_WARN_DOCUMENTATION_COMMENTS = YES;
				CLANG_WARN_EMPTY_BODY = YES;
				CLANG_WARN_ENUM_CONVERSION = YES;
				CLANG_WARN_INFINITE_RECURSION = YES;
				CLANG_WARN_INT_CONVERSION = YES;
				CLANG_WARN_NON_LITERAL_NULL_CONVERSION = YES;
				CLANG_WARN_OBJC_IMPLICIT_RETAIN_SELF = YES;
				CLANG_WARN_OBJC_LITERAL_CONVERSION = YES;
				CLANG_WARN_OBJC_ROOT_CLASS = YES_ERROR;
				CLANG_WARN_QUOTED_INCLUDE_IN_FRAMEWORK_HEADER = YES;
				CLANG_WARN_RANGE_LOOP_ANALYSIS = YES;
				CLANG_WARN_STRICT_PROTOTYPES = YES;
				CLANG_WARN_SUSPICIOUS_MOVE = YES;
				CLANG_WARN_UNGUARDED_AVAILABILITY = YES_AGGRESSIVE;
				CLANG_WARN_UNREACHABLE_CODE = YES;
				CLANG_WARN__DUPLICATE_METHOD_MATCH = YES;
				COPY_PHASE_STRIP = NO;
				DEBUG_INFORMATION_FORMAT = dwarf;
				ENABLE_STRICT_OBJC_MSGSEND = YES;
				ENABLE_TESTABILITY = YES;
				ENABLE_USER_SCRIPT_SANDBOXING = YES;
				GCC_C_LANGUAGE_STANDARD = gnu17;
				GCC_DYNAMIC_NO_PIC = NO;
				GCC_NO_COMMON_BLOCKS = YES;
				GCC_OPTIMIZATION_LEVEL = 0;
				GCC_PREPROCESSOR_DEFINITIONS = (
					"DEBUG=1",
					"$(inherited)",
				);
				GCC_WARN_64_TO_32_BIT_CONVERSION = YES;
				GCC_WARN_ABOUT_RETURN_TYPE = YES_ERROR;
				GCC_WARN_UNDECLARED_SELECTOR = YES;
				GCC_WARN_UNINITIALIZED_AUTOS = YES_AGGRESSIVE;
				GCC_WARN_UNUSED_FUNCTION = YES;
				GCC_WARN_UNUSED_VARIABLE = YES;
				IPHONEOS_DEPLOYMENT_TARGET = 17.4;
				LOCALIZATION_PREFERS_STRING_CATALOGS = YES;
				MTL_ENABLE_DEBUG_INFO = INCLUDE_SOURCE;
				MTL_FAST_MATH = YES;
				ONLY_ACTIVE_ARCH = YES;
				SDKROOT = iphoneos;
				SWIFT_ACTIVE_COMPILATION_CONDITIONS = "DEBUG $(inherited)";
				SWIFT_OPTIMIZATION_LEVEL = "-Onone";
			};
			name = Debug;
		};
		4CA9530C2BAF3F8200AD76A2 /* Release */ = {
			isa = XCBuildConfiguration;
			buildSettings = {
				ALWAYS_SEARCH_USER_PATHS = NO;
				ASSETCATALOG_COMPILER_GENERATE_SWIFT_ASSET_SYMBOL_EXTENSIONS = YES;
				CLANG_ANALYZER_NONNULL = YES;
				CLANG_ANALYZER_NUMBER_OBJECT_CONVERSION = YES_AGGRESSIVE;
				CLANG_CXX_LANGUAGE_STANDARD = "gnu++20";
				CLANG_ENABLE_MODULES = YES;
				CLANG_ENABLE_OBJC_ARC = YES;
				CLANG_ENABLE_OBJC_WEAK = YES;
				CLANG_WARN_BLOCK_CAPTURE_AUTORELEASING = YES;
				CLANG_WARN_BOOL_CONVERSION = YES;
				CLANG_WARN_COMMA = YES;
				CLANG_WARN_CONSTANT_CONVERSION = YES;
				CLANG_WARN_DEPRECATED_OBJC_IMPLEMENTATIONS = YES;
				CLANG_WARN_DIRECT_OBJC_ISA_USAGE = YES_ERROR;
				CLANG_WARN_DOCUMENTATION_COMMENTS = YES;
				CLANG_WARN_EMPTY_BODY = YES;
				CLANG_WARN_ENUM_CONVERSION = YES;
				CLANG_WARN_INFINITE_RECURSION = YES;
				CLANG_WARN_INT_CONVERSION = YES;
				CLANG_WARN_NON_LITERAL_NULL_CONVERSION = YES;
				CLANG_WARN_OBJC_IMPLICIT_RETAIN_SELF = YES;
				CLANG_WARN_OBJC_LITERAL_CONVERSION = YES;
				CLANG_WARN_OBJC_ROOT_CLASS = YES_ERROR;
				CLANG_WARN_QUOTED_INCLUDE_IN_FRAMEWORK_HEADER = YES;
				CLANG_WARN_RANGE_LOOP_ANALYSIS = YES;
				CLANG_WARN_STRICT_PROTOTYPES = YES;
				CLANG_WARN_SUSPICIOUS_MOVE = YES;
				CLANG_WARN_UNGUARDED_AVAILABILITY = YES_AGGRESSIVE;
				CLANG_WARN_UNREACHABLE_CODE = YES;
				CLANG_WARN__DUPLICATE_METHOD_MATCH = YES;
				COPY_PHASE_STRIP = NO;
				DEBUG_INFORMATION_FORMAT = "dwarf-with-dsym";
				ENABLE_NS_ASSERTIONS = NO;
				ENABLE_STRICT_OBJC_MSGSEND = YES;
				ENABLE_USER_SCRIPT_SANDBOXING = YES;
				GCC_C_LANGUAGE_STANDARD = gnu17;
				GCC_NO_COMMON_BLOCKS = YES;
				GCC_WARN_64_TO_32_BIT_CONVERSION = YES;
				GCC_WARN_ABOUT_RETURN_TYPE = YES_ERROR;
				GCC_WARN_UNDECLARED_SELECTOR = YES;
				GCC_WARN_UNINITIALIZED_AUTOS = YES_AGGRESSIVE;
				GCC_WARN_UNUSED_FUNCTION = YES;
				GCC_WARN_UNUSED_VARIABLE = YES;
				IPHONEOS_DEPLOYMENT_TARGET = 17.4;
				LOCALIZATION_PREFERS_STRING_CATALOGS = YES;
				MTL_ENABLE_DEBUG_INFO = NO;
				MTL_FAST_MATH = YES;
				SDKROOT = iphoneos;
				SWIFT_COMPILATION_MODE = wholemodule;
				VALIDATE_PRODUCT = YES;
			};
			name = Release;
		};
		4CA9530E2BAF3F8200AD76A2 /* Debug */ = {
			isa = XCBuildConfiguration;
			buildSettings = {
				ASSETCATALOG_COMPILER_APPICON_NAME = AppIcon;
				ASSETCATALOG_COMPILER_GLOBAL_ACCENT_COLOR_NAME = AccentColor;
				CODE_SIGN_STYLE = Automatic;
				CURRENT_PROJECT_VERSION = 1;
				DEVELOPMENT_ASSET_PATHS = "\"Scrumdinger/Preview Content\"";
				ENABLE_PREVIEWS = YES;
				GENERATE_INFOPLIST_FILE = YES;
				INFOPLIST_KEY_UIApplicationSceneManifest_Generation = YES;
				INFOPLIST_KEY_UIApplicationSupportsIndirectInputEvents = YES;
				INFOPLIST_KEY_UILaunchScreen_Generation = YES;
				INFOPLIST_KEY_UISupportedInterfaceOrientations_iPad = "UIInterfaceOrientationPortrait UIInterfaceOrientationPortraitUpsideDown UIInterfaceOrientationLandscapeLeft UIInterfaceOrientationLandscapeRight";
				INFOPLIST_KEY_UISupportedInterfaceOrientations_iPhone = "UIInterfaceOrientationPortrait UIInterfaceOrientationLandscapeLeft UIInterfaceOrientationLandscapeRight";
				LD_RUNPATH_SEARCH_PATHS = (
					"$(inherited)",
					"@executable_path/Frameworks",
				);
				MARKETING_VERSION = 1.0;
				PRODUCT_BUNDLE_IDENTIFIER = com.rafaeltmbr.Scrumdinger;
				PRODUCT_NAME = "$(TARGET_NAME)";
				SWIFT_EMIT_LOC_STRINGS = YES;
				SWIFT_VERSION = 5.0;
				TARGETED_DEVICE_FAMILY = "1,2";
			};
			name = Debug;
		};
		4CA9530F2BAF3F8200AD76A2 /* Release */ = {
			isa = XCBuildConfiguration;
			buildSettings = {
				ASSETCATALOG_COMPILER_APPICON_NAME = AppIcon;
				ASSETCATALOG_COMPILER_GLOBAL_ACCENT_COLOR_NAME = AccentColor;
				CODE_SIGN_STYLE = Automatic;
				CURRENT_PROJECT_VERSION = 1;
				DEVELOPMENT_ASSET_PATHS = "\"Scrumdinger/Preview Content\"";
				ENABLE_PREVIEWS = YES;
				GENERATE_INFOPLIST_FILE = YES;
				INFOPLIST_KEY_UIApplicationSceneManifest_Generation = YES;
				INFOPLIST_KEY_UIApplicationSupportsIndirectInputEvents = YES;
				INFOPLIST_KEY_UILaunchScreen_Generation = YES;
				INFOPLIST_KEY_UISupportedInterfaceOrientations_iPad = "UIInterfaceOrientationPortrait UIInterfaceOrientationPortraitUpsideDown UIInterfaceOrientationLandscapeLeft UIInterfaceOrientationLandscapeRight";
				INFOPLIST_KEY_UISupportedInterfaceOrientations_iPhone = "UIInterfaceOrientationPortrait UIInterfaceOrientationLandscapeLeft UIInterfaceOrientationLandscapeRight";
				LD_RUNPATH_SEARCH_PATHS = (
					"$(inherited)",
					"@executable_path/Frameworks",
				);
				MARKETING_VERSION = 1.0;
				PRODUCT_BUNDLE_IDENTIFIER = com.rafaeltmbr.Scrumdinger;
				PRODUCT_NAME = "$(TARGET_NAME)";
				SWIFT_EMIT_LOC_STRINGS = YES;
				SWIFT_VERSION = 5.0;
				TARGETED_DEVICE_FAMILY = "1,2";
			};
			name = Release;
		};
		4CA953112BAF3F8200AD76A2 /* Debug */ = {
			isa = XCBuildConfiguration;
			buildSettings = {
				ALWAYS_EMBED_SWIFT_STANDARD_LIBRARIES = YES;
				BUNDLE_LOADER = "$(TEST_HOST)";
				CODE_SIGN_STYLE = Automatic;
				CURRENT_PROJECT_VERSION = 1;
				GENERATE_INFOPLIST_FILE = YES;
				IPHONEOS_DEPLOYMENT_TARGET = 17.4;
				MARKETING_VERSION = 1.0;
				PRODUCT_BUNDLE_IDENTIFIER = com.rafaeltmbr.ScrumdingerTests;
				PRODUCT_NAME = "$(TARGET_NAME)";
				SWIFT_EMIT_LOC_STRINGS = NO;
				SWIFT_VERSION = 5.0;
				TARGETED_DEVICE_FAMILY = "1,2";
				TEST_HOST = "$(BUILT_PRODUCTS_DIR)/Scrumdinger.app/$(BUNDLE_EXECUTABLE_FOLDER_PATH)/Scrumdinger";
			};
			name = Debug;
		};
		4CA953122BAF3F8200AD76A2 /* Release */ = {
			isa = XCBuildConfiguration;
			buildSettings = {
				ALWAYS_EMBED_SWIFT_STANDARD_LIBRARIES = YES;
				BUNDLE_LOADER = "$(TEST_HOST)";
				CODE_SIGN_STYLE = Automatic;
				CURRENT_PROJECT_VERSION = 1;
				GENERATE_INFOPLIST_FILE = YES;
				IPHONEOS_DEPLOYMENT_TARGET = 17.4;
				MARKETING_VERSION = 1.0;
				PRODUCT_BUNDLE_IDENTIFIER = com.rafaeltmbr.ScrumdingerTests;
				PRODUCT_NAME = "$(TARGET_NAME)";
				SWIFT_EMIT_LOC_STRINGS = NO;
				SWIFT_VERSION = 5.0;
				TARGETED_DEVICE_FAMILY = "1,2";
				TEST_HOST = "$(BUILT_PRODUCTS_DIR)/Scrumdinger.app/$(BUNDLE_EXECUTABLE_FOLDER_PATH)/Scrumdinger";
			};
			name = Release;
		};
		4CA953142BAF3F8200AD76A2 /* Debug */ = {
			isa = XCBuildConfiguration;
			buildSettings = {
				ALWAYS_EMBED_SWIFT_STANDARD_LIBRARIES = YES;
				CODE_SIGN_STYLE = Automatic;
				CURRENT_PROJECT_VERSION = 1;
				GENERATE_INFOPLIST_FILE = YES;
				MARKETING_VERSION = 1.0;
				PRODUCT_BUNDLE_IDENTIFIER = com.rafaeltmbr.ScrumdingerUITests;
				PRODUCT_NAME = "$(TARGET_NAME)";
				SWIFT_EMIT_LOC_STRINGS = NO;
				SWIFT_VERSION = 5.0;
				TARGETED_DEVICE_FAMILY = "1,2";
				TEST_TARGET_NAME = Scrumdinger;
			};
			name = Debug;
		};
		4CA953152BAF3F8200AD76A2 /* Release */ = {
			isa = XCBuildConfiguration;
			buildSettings = {
				ALWAYS_EMBED_SWIFT_STANDARD_LIBRARIES = YES;
				CODE_SIGN_STYLE = Automatic;
				CURRENT_PROJECT_VERSION = 1;
				GENERATE_INFOPLIST_FILE = YES;
				MARKETING_VERSION = 1.0;
				PRODUCT_BUNDLE_IDENTIFIER = com.rafaeltmbr.ScrumdingerUITests;
				PRODUCT_NAME = "$(TARGET_NAME)";
				SWIFT_EMIT_LOC_STRINGS = NO;
				SWIFT_VERSION = 5.0;
				TARGETED_DEVICE_FAMILY = "1,2";
				TEST_TARGET_NAME = Scrumdinger;
			};
			name = Release;
		};
/* End XCBuildConfiguration section */

/* Begin XCConfigurationList section */
		4CA952E42BAF3F8100AD76A2 /* Build configuration list for PBXProject "Scrumdinger" */ = {
			isa = XCConfigurationList;
			buildConfigurations = (
				4CA9530B2BAF3F8200AD76A2 /* Debug */,
				4CA9530C2BAF3F8200AD76A2 /* Release */,
			);
			defaultConfigurationIsVisible = 0;
			defaultConfigurationName = Release;
		};
		4CA9530D2BAF3F8200AD76A2 /* Build configuration list for PBXNativeTarget "Scrumdinger" */ = {
			isa = XCConfigurationList;
			buildConfigurations = (
				4CA9530E2BAF3F8200AD76A2 /* Debug */,
				4CA9530F2BAF3F8200AD76A2 /* Release */,
			);
			defaultConfigurationIsVisible = 0;
			defaultConfigurationName = Release;
		};
		4CA953102BAF3F8200AD76A2 /* Build configuration list for PBXNativeTarget "ScrumdingerTests" */ = {
			isa = XCConfigurationList;
			buildConfigurations = (
				4CA953112BAF3F8200AD76A2 /* Debug */,
				4CA953122BAF3F8200AD76A2 /* Release */,
			);
			defaultConfigurationIsVisible = 0;
			defaultConfigurationName = Release;
		};
		4CA953132BAF3F8200AD76A2 /* Build configuration list for PBXNativeTarget "ScrumdingerUITests" */ = {
			isa = XCConfigurationList;
			buildConfigurations = (
				4CA953142BAF3F8200AD76A2 /* Debug */,
				4CA953152BAF3F8200AD76A2 /* Release */,
			);
			defaultConfigurationIsVisible = 0;
			defaultConfigurationName = Release;
		};
/* End XCConfigurationList section */
	};
	rootObject = 4CA952E12BAF3F8100AD76A2 /* Project object */;
}
