// !$*UTF8*$!
{
	archiveVersion = 1;
	classes = {
	};
	objectVersion = 56;
	objects = {

/* Begin PBXBuildFile section */
		9A29E96D2B1016B600554329 /* ScrumsView.swift in Sources */ = {isa = PBXBuildFile; fileRef = 9A29E96C2B1016B600554329 /* ScrumsView.swift */; };
		9A5835852B12574A009B6B17 /* DetailView.swift in Sources */ = {isa = PBXBuildFile; fileRef = 9A5835842B12574A009B6B17 /* DetailView.swift */; };
		9A8A28CD2B0B8F85009A412F /* ScrumdingerApp.swift in Sources */ = {isa = PBXBuildFile; fileRef = 9A8A28CC2B0B8F85009A412F /* ScrumdingerApp.swift */; };
		9A8A28CF2B0B8F85009A412F /* MeetingView.swift in Sources */ = {isa = PBXBuildFile; fileRef = 9A8A28CE2B0B8F85009A412F /* MeetingView.swift */; };
		9A8A28D12B0B8F86009A412F /* Assets.xcassets in Resources */ = {isa = PBXBuildFile; fileRef = 9A8A28D02B0B8F86009A412F /* Assets.xcassets */; };
		9A8A28D42B0B8F86009A412F /* Preview Assets.xcassets in Resources */ = {isa = PBXBuildFile; fileRef = 9A8A28D32B0B8F86009A412F /* Preview Assets.xcassets */; };
		9A8A28DE2B0B8F87009A412F /* ScrumdingerTests.swift in Sources */ = {isa = PBXBuildFile; fileRef = 9A8A28DD2B0B8F87009A412F /* ScrumdingerTests.swift */; };
		9A8A28E82B0B8F87009A412F /* ScrumdingerUITests.swift in Sources */ = {isa = PBXBuildFile; fileRef = 9A8A28E72B0B8F87009A412F /* ScrumdingerUITests.swift */; };
		9A8A28EA2B0B8F87009A412F /* ScrumdingerUITestsLaunchTests.swift in Sources */ = {isa = PBXBuildFile; fileRef = 9A8A28E92B0B8F87009A412F /* ScrumdingerUITestsLaunchTests.swift */; };
		9A98C9FB2B12B5FF002B4D12 /* DetailEditView.swift in Sources */ = {isa = PBXBuildFile; fileRef = 9A98C9FA2B12B5FF002B4D12 /* DetailEditView.swift */; };
		9A9EC5272B0EE542004B0E73 /* TrailingIconLabelStyle.swift in Sources */ = {isa = PBXBuildFile; fileRef = 9A9EC5262B0EE542004B0E73 /* TrailingIconLabelStyle.swift */; };
		9AF345EC2B0EAD0E00F13FA0 /* CardView.swift in Sources */ = {isa = PBXBuildFile; fileRef = 9AF345EB2B0EAD0E00F13FA0 /* CardView.swift */; };
		9AF345EF2B0EAE0D00F13FA0 /* Theme.swift in Sources */ = {isa = PBXBuildFile; fileRef = 9AF345EE2B0EAE0D00F13FA0 /* Theme.swift */; };
		9AF345F12B0EB93900F13FA0 /* DailyScrum.swift in Sources */ = {isa = PBXBuildFile; fileRef = 9AF345F02B0EB93900F13FA0 /* DailyScrum.swift */; };
/* End PBXBuildFile section */

/* Begin PBXContainerItemProxy section */
		9A8A28DA2B0B8F87009A412F /* PBXContainerItemProxy */ = {
			isa = PBXContainerItemProxy;
			containerPortal = 9A8A28C12B0B8F85009A412F /* Project object */;
			proxyType = 1;
			remoteGlobalIDString = 9A8A28C82B0B8F85009A412F;
			remoteInfo = Scrumdinger;
		};
		9A8A28E42B0B8F87009A412F /* PBXContainerItemProxy */ = {
			isa = PBXContainerItemProxy;
			containerPortal = 9A8A28C12B0B8F85009A412F /* Project object */;
			proxyType = 1;
			remoteGlobalIDString = 9A8A28C82B0B8F85009A412F;
			remoteInfo = Scrumdinger;
		};
/* End PBXContainerItemProxy section */

/* Begin PBXFileReference section */
		9A29E96C2B1016B600554329 /* ScrumsView.swift */ = {isa = PBXFileReference; lastKnownFileType = sourcecode.swift; path = ScrumsView.swift; sourceTree = "<group>"; };
		9A5835842B12574A009B6B17 /* DetailView.swift */ = {isa = PBXFileReference; lastKnownFileType = sourcecode.swift; path = DetailView.swift; sourceTree = "<group>"; };
		9A8A28C92B0B8F85009A412F /* Scrumdinger.app */ = {isa = PBXFileReference; explicitFileType = wrapper.application; includeInIndex = 0; path = Scrumdinger.app; sourceTree = BUILT_PRODUCTS_DIR; };
		9A8A28CC2B0B8F85009A412F /* ScrumdingerApp.swift */ = {isa = PBXFileReference; lastKnownFileType = sourcecode.swift; path = ScrumdingerApp.swift; sourceTree = "<group>"; };
		9A8A28CE2B0B8F85009A412F /* MeetingView.swift */ = {isa = PBXFileReference; lastKnownFileType = sourcecode.swift; path = MeetingView.swift; sourceTree = "<group>"; };
		9A8A28D02B0B8F86009A412F /* Assets.xcassets */ = {isa = PBXFileReference; lastKnownFileType = folder.assetcatalog; path = Assets.xcassets; sourceTree = "<group>"; };
		9A8A28D32B0B8F86009A412F /* Preview Assets.xcassets */ = {isa = PBXFileReference; lastKnownFileType = folder.assetcatalog; path = "Preview Assets.xcassets"; sourceTree = "<group>"; };
		9A8A28D92B0B8F87009A412F /* ScrumdingerTests.xctest */ = {isa = PBXFileReference; explicitFileType = wrapper.cfbundle; includeInIndex = 0; path = ScrumdingerTests.xctest; sourceTree = BUILT_PRODUCTS_DIR; };
		9A8A28DD2B0B8F87009A412F /* ScrumdingerTests.swift */ = {isa = PBXFileReference; lastKnownFileType = sourcecode.swift; path = ScrumdingerTests.swift; sourceTree = "<group>"; };
		9A8A28E32B0B8F87009A412F /* ScrumdingerUITests.xctest */ = {isa = PBXFileReference; explicitFileType = wrapper.cfbundle; includeInIndex = 0; path = ScrumdingerUITests.xctest; sourceTree = BUILT_PRODUCTS_DIR; };
		9A8A28E72B0B8F87009A412F /* ScrumdingerUITests.swift */ = {isa = PBXFileReference; lastKnownFileType = sourcecode.swift; path = ScrumdingerUITests.swift; sourceTree = "<group>"; };
		9A8A28E92B0B8F87009A412F /* ScrumdingerUITestsLaunchTests.swift */ = {isa = PBXFileReference; lastKnownFileType = sourcecode.swift; path = ScrumdingerUITestsLaunchTests.swift; sourceTree = "<group>"; };
		9A98C9FA2B12B5FF002B4D12 /* DetailEditView.swift */ = {isa = PBXFileReference; lastKnownFileType = sourcecode.swift; path = DetailEditView.swift; sourceTree = "<group>"; };
		9A9EC5262B0EE542004B0E73 /* TrailingIconLabelStyle.swift */ = {isa = PBXFileReference; lastKnownFileType = sourcecode.swift; path = TrailingIconLabelStyle.swift; sourceTree = "<group>"; };
		9AF345EB2B0EAD0E00F13FA0 /* CardView.swift */ = {isa = PBXFileReference; lastKnownFileType = sourcecode.swift; path = CardView.swift; sourceTree = "<group>"; };
		9AF345EE2B0EAE0D00F13FA0 /* Theme.swift */ = {isa = PBXFileReference; lastKnownFileType = sourcecode.swift; path = Theme.swift; sourceTree = "<group>"; };
		9AF345F02B0EB93900F13FA0 /* DailyScrum.swift */ = {isa = PBXFileReference; lastKnownFileType = sourcecode.swift; path = DailyScrum.swift; sourceTree = "<group>"; };
/* End PBXFileReference section */

/* Begin PBXFrameworksBuildPhase section */
		9A8A28C62B0B8F85009A412F /* Frameworks */ = {
			isa = PBXFrameworksBuildPhase;
			buildActionMask = 2147483647;
			files = (
			);
			runOnlyForDeploymentPostprocessing = 0;
		};
		9A8A28D62B0B8F87009A412F /* Frameworks */ = {
			isa = PBXFrameworksBuildPhase;
			buildActionMask = 2147483647;
			files = (
			);
			runOnlyForDeploymentPostprocessing = 0;
		};
		9A8A28E02B0B8F87009A412F /* Frameworks */ = {
			isa = PBXFrameworksBuildPhase;
			buildActionMask = 2147483647;
			files = (
			);
			runOnlyForDeploymentPostprocessing = 0;
		};
/* End PBXFrameworksBuildPhase section */

/* Begin PBXGroup section */
		9A8A28C02B0B8F85009A412F = {
			isa = PBXGroup;
			children = (
				9A8A28CB2B0B8F85009A412F /* Scrumdinger */,
				9A8A28DC2B0B8F87009A412F /* ScrumdingerTests */,
				9A8A28E62B0B8F87009A412F /* ScrumdingerUITests */,
				9A8A28CA2B0B8F85009A412F /* Products */,
			);
			sourceTree = "<group>";
		};
		9A8A28CA2B0B8F85009A412F /* Products */ = {
			isa = PBXGroup;
			children = (
				9A8A28C92B0B8F85009A412F /* Scrumdinger.app */,
				9A8A28D92B0B8F87009A412F /* ScrumdingerTests.xctest */,
				9A8A28E32B0B8F87009A412F /* ScrumdingerUITests.xctest */,
			);
			name = Products;
			sourceTree = "<group>";
		};
		9A8A28CB2B0B8F85009A412F /* Scrumdinger */ = {
			isa = PBXGroup;
			children = (
				9AF345ED2B0EADF800F13FA0 /* Models */,
				9A8A28CC2B0B8F85009A412F /* ScrumdingerApp.swift */,
				9A8A28CE2B0B8F85009A412F /* MeetingView.swift */,
				9A8A28D02B0B8F86009A412F /* Assets.xcassets */,
				9A8A28D22B0B8F86009A412F /* Preview Content */,
				9AF345EB2B0EAD0E00F13FA0 /* CardView.swift */,
				9A9EC5262B0EE542004B0E73 /* TrailingIconLabelStyle.swift */,
				9A29E96C2B1016B600554329 /* ScrumsView.swift */,
				9A5835842B12574A009B6B17 /* DetailView.swift */,
				9A98C9FA2B12B5FF002B4D12 /* DetailEditView.swift */,
			);
			path = Scrumdinger;
			sourceTree = "<group>";
		};
		9A8A28D22B0B8F86009A412F /* Preview Content */ = {
			isa = PBXGroup;
			children = (
				9A8A28D32B0B8F86009A412F /* Preview Assets.xcassets */,
			);
			path = "Preview Content";
			sourceTree = "<group>";
		};
		9A8A28DC2B0B8F87009A412F /* ScrumdingerTests */ = {
			isa = PBXGroup;
			children = (
				9A8A28DD2B0B8F87009A412F /* ScrumdingerTests.swift */,
			);
			path = ScrumdingerTests;
			sourceTree = "<group>";
		};
		9A8A28E62B0B8F87009A412F /* ScrumdingerUITests */ = {
			isa = PBXGroup;
			children = (
				9A8A28E72B0B8F87009A412F /* ScrumdingerUITests.swift */,
				9A8A28E92B0B8F87009A412F /* ScrumdingerUITestsLaunchTests.swift */,
			);
			path = ScrumdingerUITests;
			sourceTree = "<group>";
		};
		9AF345ED2B0EADF800F13FA0 /* Models */ = {
			isa = PBXGroup;
			children = (
				9AF345EE2B0EAE0D00F13FA0 /* Theme.swift */,
				9AF345F02B0EB93900F13FA0 /* DailyScrum.swift */,
			);
			path = Models;
			sourceTree = "<group>";
		};
/* End PBXGroup section */

/* Begin PBXNativeTarget section */
		9A8A28C82B0B8F85009A412F /* Scrumdinger */ = {
			isa = PBXNativeTarget;
			buildConfigurationList = 9A8A28ED2B0B8F87009A412F /* Build configuration list for PBXNativeTarget "Scrumdinger" */;
			buildPhases = (
				9A8A28C52B0B8F85009A412F /* Sources */,
				9A8A28C62B0B8F85009A412F /* Frameworks */,
				9A8A28C72B0B8F85009A412F /* Resources */,
			);
			buildRules = (
			);
			dependencies = (
			);
			name = Scrumdinger;
			productName = Scrumdinger;
			productReference = 9A8A28C92B0B8F85009A412F /* Scrumdinger.app */;
			productType = "com.apple.product-type.application";
		};
		9A8A28D82B0B8F87009A412F /* ScrumdingerTests */ = {
			isa = PBXNativeTarget;
			buildConfigurationList = 9A8A28F02B0B8F87009A412F /* Build configuration list for PBXNativeTarget "ScrumdingerTests" */;
			buildPhases = (
				9A8A28D52B0B8F87009A412F /* Sources */,
				9A8A28D62B0B8F87009A412F /* Frameworks */,
				9A8A28D72B0B8F87009A412F /* Resources */,
			);
			buildRules = (
			);
			dependencies = (
				9A8A28DB2B0B8F87009A412F /* PBXTargetDependency */,
			);
			name = ScrumdingerTests;
			productName = ScrumdingerTests;
			productReference = 9A8A28D92B0B8F87009A412F /* ScrumdingerTests.xctest */;
			productType = "com.apple.product-type.bundle.unit-test";
		};
		9A8A28E22B0B8F87009A412F /* ScrumdingerUITests */ = {
			isa = PBXNativeTarget;
			buildConfigurationList = 9A8A28F32B0B8F87009A412F /* Build configuration list for PBXNativeTarget "ScrumdingerUITests" */;
			buildPhases = (
				9A8A28DF2B0B8F87009A412F /* Sources */,
				9A8A28E02B0B8F87009A412F /* Frameworks */,
				9A8A28E12B0B8F87009A412F /* Resources */,
			);
			buildRules = (
			);
			dependencies = (
				9A8A28E52B0B8F87009A412F /* PBXTargetDependency */,
			);
			name = ScrumdingerUITests;
			productName = ScrumdingerUITests;
			productReference = 9A8A28E32B0B8F87009A412F /* ScrumdingerUITests.xctest */;
			productType = "com.apple.product-type.bundle.ui-testing";
		};
/* End PBXNativeTarget section */

/* Begin PBXProject section */
		9A8A28C12B0B8F85009A412F /* Project object */ = {
			isa = PBXProject;
			attributes = {
				BuildIndependentTargetsInParallel = 1;
				LastSwiftUpdateCheck = 1500;
				LastUpgradeCheck = 1500;
				TargetAttributes = {
					9A8A28C82B0B8F85009A412F = {
						CreatedOnToolsVersion = 15.0.1;
					};
					9A8A28D82B0B8F87009A412F = {
						CreatedOnToolsVersion = 15.0.1;
						TestTargetID = 9A8A28C82B0B8F85009A412F;
					};
					9A8A28E22B0B8F87009A412F = {
						CreatedOnToolsVersion = 15.0.1;
						TestTargetID = 9A8A28C82B0B8F85009A412F;
					};
				};
			};
			buildConfigurationList = 9A8A28C42B0B8F85009A412F /* Build configuration list for PBXProject "Scrumdinger" */;
			compatibilityVersion = "Xcode 14.0";
			developmentRegion = en;
			hasScannedForEncodings = 0;
			knownRegions = (
				en,
				Base,
			);
			mainGroup = 9A8A28C02B0B8F85009A412F;
			productRefGroup = 9A8A28CA2B0B8F85009A412F /* Products */;
			projectDirPath = "";
			projectRoot = "";
			targets = (
				9A8A28C82B0B8F85009A412F /* Scrumdinger */,
				9A8A28D82B0B8F87009A412F /* ScrumdingerTests */,
				9A8A28E22B0B8F87009A412F /* ScrumdingerUITests */,
			);
		};
/* End PBXProject section */

/* Begin PBXResourcesBuildPhase section */
		9A8A28C72B0B8F85009A412F /* Resources */ = {
			isa = PBXResourcesBuildPhase;
			buildActionMask = 2147483647;
			files = (
				9A8A28D42B0B8F86009A412F /* Preview Assets.xcassets in Resources */,
				9A8A28D12B0B8F86009A412F /* Assets.xcassets in Resources */,
			);
			runOnlyForDeploymentPostprocessing = 0;
		};
		9A8A28D72B0B8F87009A412F /* Resources */ = {
			isa = PBXResourcesBuildPhase;
			buildActionMask = 2147483647;
			files = (
			);
			runOnlyForDeploymentPostprocessing = 0;
		};
		9A8A28E12B0B8F87009A412F /* Resources */ = {
			isa = PBXResourcesBuildPhase;
			buildActionMask = 2147483647;
			files = (
			);
			runOnlyForDeploymentPostprocessing = 0;
		};
/* End PBXResourcesBuildPhase section */

/* Begin PBXSourcesBuildPhase section */
		9A8A28C52B0B8F85009A412F /* Sources */ = {
			isa = PBXSourcesBuildPhase;
			buildActionMask = 2147483647;
			files = (
				9AF345F12B0EB93900F13FA0 /* DailyScrum.swift in Sources */,
				9A5835852B12574A009B6B17 /* DetailView.swift in Sources */,
				9A98C9FB2B12B5FF002B4D12 /* DetailEditView.swift in Sources */,
				9A9EC5272B0EE542004B0E73 /* TrailingIconLabelStyle.swift in Sources */,
				9A8A28CF2B0B8F85009A412F /* MeetingView.swift in Sources */,
				9A29E96D2B1016B600554329 /* ScrumsView.swift in Sources */,
				9AF345EF2B0EAE0D00F13FA0 /* Theme.swift in Sources */,
				9AF345EC2B0EAD0E00F13FA0 /* CardView.swift in Sources */,
				9A8A28CD2B0B8F85009A412F /* ScrumdingerApp.swift in Sources */,
			);
			runOnlyForDeploymentPostprocessing = 0;
		};
		9A8A28D52B0B8F87009A412F /* Sources */ = {
			isa = PBXSourcesBuildPhase;
			buildActionMask = 2147483647;
			files = (
				9A8A28DE2B0B8F87009A412F /* ScrumdingerTests.swift in Sources */,
			);
			runOnlyForDeploymentPostprocessing = 0;
		};
		9A8A28DF2B0B8F87009A412F /* Sources */ = {
			isa = PBXSourcesBuildPhase;
			buildActionMask = 2147483647;
			files = (
				9A8A28EA2B0B8F87009A412F /* ScrumdingerUITestsLaunchTests.swift in Sources */,
				9A8A28E82B0B8F87009A412F /* ScrumdingerUITests.swift in Sources */,
			);
			runOnlyForDeploymentPostprocessing = 0;
		};
/* End PBXSourcesBuildPhase section */

/* Begin PBXTargetDependency section */
		9A8A28DB2B0B8F87009A412F /* PBXTargetDependency */ = {
			isa = PBXTargetDependency;
			target = 9A8A28C82B0B8F85009A412F /* Scrumdinger */;
			targetProxy = 9A8A28DA2B0B8F87009A412F /* PBXContainerItemProxy */;
		};
		9A8A28E52B0B8F87009A412F /* PBXTargetDependency */ = {
			isa = PBXTargetDependency;
			target = 9A8A28C82B0B8F85009A412F /* Scrumdinger */;
			targetProxy = 9A8A28E42B0B8F87009A412F /* PBXContainerItemProxy */;
		};
/* End PBXTargetDependency section */

/* Begin XCBuildConfiguration section */
		9A8A28EB2B0B8F87009A412F /* Debug */ = {
			isa = XCBuildConfiguration;
			buildSettings = {
				ALWAYS_SEARCH_USER_PATHS = NO;
				ASSETCATALOG_COMPILER_GENERATE_SWIFT_ASSET_SYMBOL_EXTENSIONS = YES;
				CLANG_ANALYZER_NONNULL = YES;
				CLANG_ANALYZER_NUMBER_OBJECT_CONVERSION = YES_AGGRESSIVE;
				CLANG_CXX_LANGUAGE_STANDARD = "gnu++20";
				CLANG_ENABLE_MODULES = YES;
				CLANG_ENABLE_OBJC_ARC = YES;
				CLANG_ENABLE_OBJC_WEAK = YES;
				CLANG_WARN_BLOCK_CAPTURE_AUTORELEASING = YES;
				CLANG_WARN_BOOL_CONVERSION = YES;
				CLANG_WARN_COMMA = YES;
				CLANG_WARN_CONSTANT_CONVERSION = YES;
				CLANG_WARN_DEPRECATED_OBJC_IMPLEMENTATIONS = YES;
				CLANG_WARN_DIRECT_OBJC_ISA_USAGE = YES_ERROR;
				CLANG_WARN_DOCUMENTATION_COMMENTS = YES;
				CLANG_WARN_EMPTY_BODY = YES;
				CLANG_WARN_ENUM_CONVERSION = YES;
				CLANG_WARN_INFINITE_RECURSION = YES;
				CLANG_WARN_INT_CONVERSION = YES;
				CLANG_WARN_NON_LITERAL_NULL_CONVERSION = YES;
				CLANG_WARN_OBJC_IMPLICIT_RETAIN_SELF = YES;
				CLANG_WARN_OBJC_LITERAL_CONVERSION = YES;
				CLANG_WARN_OBJC_ROOT_CLASS = YES_ERROR;
				CLANG_WARN_QUOTED_INCLUDE_IN_FRAMEWORK_HEADER = YES;
				CLANG_WARN_RANGE_LOOP_ANALYSIS = YES;
				CLANG_WARN_STRICT_PROTOTYPES = YES;
				CLANG_WARN_SUSPICIOUS_MOVE = YES;
				CLANG_WARN_UNGUARDED_AVAILABILITY = YES_AGGRESSIVE;
				CLANG_WARN_UNREACHABLE_CODE = YES;
				CLANG_WARN__DUPLICATE_METHOD_MATCH = YES;
				COPY_PHASE_STRIP = NO;
				DEBUG_INFORMATION_FORMAT = dwarf;
				ENABLE_STRICT_OBJC_MSGSEND = YES;
				ENABLE_TESTABILITY = YES;
				ENABLE_USER_SCRIPT_SANDBOXING = YES;
				GCC_C_LANGUAGE_STANDARD = gnu17;
				GCC_DYNAMIC_NO_PIC = NO;
				GCC_NO_COMMON_BLOCKS = YES;
				GCC_OPTIMIZATION_LEVEL = 0;
				GCC_PREPROCESSOR_DEFINITIONS = (
					"DEBUG=1",
					"$(inherited)",
				);
				GCC_WARN_64_TO_32_BIT_CONVERSION = YES;
				GCC_WARN_ABOUT_RETURN_TYPE = YES_ERROR;
				GCC_WARN_UNDECLARED_SELECTOR = YES;
				GCC_WARN_UNINITIALIZED_AUTOS = YES_AGGRESSIVE;
				GCC_WARN_UNUSED_FUNCTION = YES;
				GCC_WARN_UNUSED_VARIABLE = YES;
				IPHONEOS_DEPLOYMENT_TARGET = 17.0;
				LOCALIZATION_PREFERS_STRING_CATALOGS = YES;
				MTL_ENABLE_DEBUG_INFO = INCLUDE_SOURCE;
				MTL_FAST_MATH = YES;
				ONLY_ACTIVE_ARCH = YES;
				SDKROOT = iphoneos;
				SWIFT_ACTIVE_COMPILATION_CONDITIONS = "DEBUG $(inherited)";
				SWIFT_OPTIMIZATION_LEVEL = "-Onone";
			};
			name = Debug;
		};
		9A8A28EC2B0B8F87009A412F /* Release */ = {
			isa = XCBuildConfiguration;
			buildSettings = {
				ALWAYS_SEARCH_USER_PATHS = NO;
				ASSETCATALOG_COMPILER_GENERATE_SWIFT_ASSET_SYMBOL_EXTENSIONS = YES;
				CLANG_ANALYZER_NONNULL = YES;
				CLANG_ANALYZER_NUMBER_OBJECT_CONVERSION = YES_AGGRESSIVE;
				CLANG_CXX_LANGUAGE_STANDARD = "gnu++20";
				CLANG_ENABLE_MODULES = YES;
				CLANG_ENABLE_OBJC_ARC = YES;
				CLANG_ENABLE_OBJC_WEAK = YES;
				CLANG_WARN_BLOCK_CAPTURE_AUTORELEASING = YES;
				CLANG_WARN_BOOL_CONVERSION = YES;
				CLANG_WARN_COMMA = YES;
				CLANG_WARN_CONSTANT_CONVERSION = YES;
				CLANG_WARN_DEPRECATED_OBJC_IMPLEMENTATIONS = YES;
				CLANG_WARN_DIRECT_OBJC_ISA_USAGE = YES_ERROR;
				CLANG_WARN_DOCUMENTATION_COMMENTS = YES;
				CLANG_WARN_EMPTY_BODY = YES;
				CLANG_WARN_ENUM_CONVERSION = YES;
				CLANG_WARN_INFINITE_RECURSION = YES;
				CLANG_WARN_INT_CONVERSION = YES;
				CLANG_WARN_NON_LITERAL_NULL_CONVERSION = YES;
				CLANG_WARN_OBJC_IMPLICIT_RETAIN_SELF = YES;
				CLANG_WARN_OBJC_LITERAL_CONVERSION = YES;
				CLANG_WARN_OBJC_ROOT_CLASS = YES_ERROR;
				CLANG_WARN_QUOTED_INCLUDE_IN_FRAMEWORK_HEADER = YES;
				CLANG_WARN_RANGE_LOOP_ANALYSIS = YES;
				CLANG_WARN_STRICT_PROTOTYPES = YES;
				CLANG_WARN_SUSPICIOUS_MOVE = YES;
				CLANG_WARN_UNGUARDED_AVAILABILITY = YES_AGGRESSIVE;
				CLANG_WARN_UNREACHABLE_CODE = YES;
				CLANG_WARN__DUPLICATE_METHOD_MATCH = YES;
				COPY_PHASE_STRIP = NO;
				DEBUG_INFORMATION_FORMAT = "dwarf-with-dsym";
				ENABLE_NS_ASSERTIONS = NO;
				ENABLE_STRICT_OBJC_MSGSEND = YES;
				ENABLE_USER_SCRIPT_SANDBOXING = YES;
				GCC_C_LANGUAGE_STANDARD = gnu17;
				GCC_NO_COMMON_BLOCKS = YES;
				GCC_WARN_64_TO_32_BIT_CONVERSION = YES;
				GCC_WARN_ABOUT_RETURN_TYPE = YES_ERROR;
				GCC_WARN_UNDECLARED_SELECTOR = YES;
				GCC_WARN_UNINITIALIZED_AUTOS = YES_AGGRESSIVE;
				GCC_WARN_UNUSED_FUNCTION = YES;
				GCC_WARN_UNUSED_VARIABLE = YES;
				IPHONEOS_DEPLOYMENT_TARGET = 17.0;
				LOCALIZATION_PREFERS_STRING_CATALOGS = YES;
				MTL_ENABLE_DEBUG_INFO = NO;
				MTL_FAST_MATH = YES;
				SDKROOT = iphoneos;
				SWIFT_COMPILATION_MODE = wholemodule;
				VALIDATE_PRODUCT = YES;
			};
			name = Release;
		};
		9A8A28EE2B0B8F87009A412F /* Debug */ = {
			isa = XCBuildConfiguration;
			buildSettings = {
				ASSETCATALOG_COMPILER_APPICON_NAME = AppIcon;
				ASSETCATALOG_COMPILER_GLOBAL_ACCENT_COLOR_NAME = AccentColor;
				CODE_SIGN_STYLE = Automatic;
				CURRENT_PROJECT_VERSION = 1;
				DEVELOPMENT_ASSET_PATHS = "\"Scrumdinger/Preview Content\"";
				ENABLE_PREVIEWS = YES;
				GENERATE_INFOPLIST_FILE = YES;
				INFOPLIST_KEY_UIApplicationSceneManifest_Generation = YES;
				INFOPLIST_KEY_UIApplicationSupportsIndirectInputEvents = YES;
				INFOPLIST_KEY_UILaunchScreen_Generation = YES;
				INFOPLIST_KEY_UISupportedInterfaceOrientations_iPad = "UIInterfaceOrientationPortrait UIInterfaceOrientationPortraitUpsideDown UIInterfaceOrientationLandscapeLeft UIInterfaceOrientationLandscapeRight";
				INFOPLIST_KEY_UISupportedInterfaceOrientations_iPhone = "UIInterfaceOrientationPortrait UIInterfaceOrientationLandscapeLeft UIInterfaceOrientationLandscapeRight";
				LD_RUNPATH_SEARCH_PATHS = (
					"$(inherited)",
					"@executable_path/Frameworks",
				);
				MARKETING_VERSION = 1.0;
				PRODUCT_BUNDLE_IDENTIFIER = com.rafaeltmbr.Scrumdinger;
				PRODUCT_NAME = "$(TARGET_NAME)";
				SWIFT_EMIT_LOC_STRINGS = YES;
				SWIFT_VERSION = 5.0;
				TARGETED_DEVICE_FAMILY = "1,2";
			};
			name = Debug;
		};
		9A8A28EF2B0B8F87009A412F /* Release */ = {
			isa = XCBuildConfiguration;
			buildSettings = {
				ASSETCATALOG_COMPILER_APPICON_NAME = AppIcon;
				ASSETCATALOG_COMPILER_GLOBAL_ACCENT_COLOR_NAME = AccentColor;
				CODE_SIGN_STYLE = Automatic;
				CURRENT_PROJECT_VERSION = 1;
				DEVELOPMENT_ASSET_PATHS = "\"Scrumdinger/Preview Content\"";
				ENABLE_PREVIEWS = YES;
				GENERATE_INFOPLIST_FILE = YES;
				INFOPLIST_KEY_UIApplicationSceneManifest_Generation = YES;
				INFOPLIST_KEY_UIApplicationSupportsIndirectInputEvents = YES;
				INFOPLIST_KEY_UILaunchScreen_Generation = YES;
				INFOPLIST_KEY_UISupportedInterfaceOrientations_iPad = "UIInterfaceOrientationPortrait UIInterfaceOrientationPortraitUpsideDown UIInterfaceOrientationLandscapeLeft UIInterfaceOrientationLandscapeRight";
				INFOPLIST_KEY_UISupportedInterfaceOrientations_iPhone = "UIInterfaceOrientationPortrait UIInterfaceOrientationLandscapeLeft UIInterfaceOrientationLandscapeRight";
				LD_RUNPATH_SEARCH_PATHS = (
					"$(inherited)",
					"@executable_path/Frameworks",
				);
				MARKETING_VERSION = 1.0;
				PRODUCT_BUNDLE_IDENTIFIER = com.rafaeltmbr.Scrumdinger;
				PRODUCT_NAME = "$(TARGET_NAME)";
				SWIFT_EMIT_LOC_STRINGS = YES;
				SWIFT_VERSION = 5.0;
				TARGETED_DEVICE_FAMILY = "1,2";
			};
			name = Release;
		};
		9A8A28F12B0B8F87009A412F /* Debug */ = {
			isa = XCBuildConfiguration;
			buildSettings = {
				ALWAYS_EMBED_SWIFT_STANDARD_LIBRARIES = YES;
				BUNDLE_LOADER = "$(TEST_HOST)";
				CODE_SIGN_STYLE = Automatic;
				CURRENT_PROJECT_VERSION = 1;
				GENERATE_INFOPLIST_FILE = YES;
				IPHONEOS_DEPLOYMENT_TARGET = 17.0;
				MARKETING_VERSION = 1.0;
				PRODUCT_BUNDLE_IDENTIFIER = com.rafaeltmbr.ScrumdingerTests;
				PRODUCT_NAME = "$(TARGET_NAME)";
				SWIFT_EMIT_LOC_STRINGS = NO;
				SWIFT_VERSION = 5.0;
				TARGETED_DEVICE_FAMILY = "1,2";
				TEST_HOST = "$(BUILT_PRODUCTS_DIR)/Scrumdinger.app/$(BUNDLE_EXECUTABLE_FOLDER_PATH)/Scrumdinger";
			};
			name = Debug;
		};
		9A8A28F22B0B8F87009A412F /* Release */ = {
			isa = XCBuildConfiguration;
			buildSettings = {
				ALWAYS_EMBED_SWIFT_STANDARD_LIBRARIES = YES;
				BUNDLE_LOADER = "$(TEST_HOST)";
				CODE_SIGN_STYLE = Automatic;
				CURRENT_PROJECT_VERSION = 1;
				GENERATE_INFOPLIST_FILE = YES;
				IPHONEOS_DEPLOYMENT_TARGET = 17.0;
				MARKETING_VERSION = 1.0;
				PRODUCT_BUNDLE_IDENTIFIER = com.rafaeltmbr.ScrumdingerTests;
				PRODUCT_NAME = "$(TARGET_NAME)";
				SWIFT_EMIT_LOC_STRINGS = NO;
				SWIFT_VERSION = 5.0;
				TARGETED_DEVICE_FAMILY = "1,2";
				TEST_HOST = "$(BUILT_PRODUCTS_DIR)/Scrumdinger.app/$(BUNDLE_EXECUTABLE_FOLDER_PATH)/Scrumdinger";
			};
			name = Release;
		};
		9A8A28F42B0B8F87009A412F /* Debug */ = {
			isa = XCBuildConfiguration;
			buildSettings = {
				ALWAYS_EMBED_SWIFT_STANDARD_LIBRARIES = YES;
				CODE_SIGN_STYLE = Automatic;
				CURRENT_PROJECT_VERSION = 1;
				GENERATE_INFOPLIST_FILE = YES;
				MARKETING_VERSION = 1.0;
				PRODUCT_BUNDLE_IDENTIFIER = com.rafaeltmbr.ScrumdingerUITests;
				PRODUCT_NAME = "$(TARGET_NAME)";
				SWIFT_EMIT_LOC_STRINGS = NO;
				SWIFT_VERSION = 5.0;
				TARGETED_DEVICE_FAMILY = "1,2";
				TEST_TARGET_NAME = Scrumdinger;
			};
			name = Debug;
		};
		9A8A28F52B0B8F87009A412F /* Release */ = {
			isa = XCBuildConfiguration;
			buildSettings = {
				ALWAYS_EMBED_SWIFT_STANDARD_LIBRARIES = YES;
				CODE_SIGN_STYLE = Automatic;
				CURRENT_PROJECT_VERSION = 1;
				GENERATE_INFOPLIST_FILE = YES;
				MARKETING_VERSION = 1.0;
				PRODUCT_BUNDLE_IDENTIFIER = com.rafaeltmbr.ScrumdingerUITests;
				PRODUCT_NAME = "$(TARGET_NAME)";
				SWIFT_EMIT_LOC_STRINGS = NO;
				SWIFT_VERSION = 5.0;
				TARGETED_DEVICE_FAMILY = "1,2";
				TEST_TARGET_NAME = Scrumdinger;
			};
			name = Release;
		};
/* End XCBuildConfiguration section */

/* Begin XCConfigurationList section */
		9A8A28C42B0B8F85009A412F /* Build configuration list for PBXProject "Scrumdinger" */ = {
			isa = XCConfigurationList;
			buildConfigurations = (
				9A8A28EB2B0B8F87009A412F /* Debug */,
				9A8A28EC2B0B8F87009A412F /* Release */,
			);
			defaultConfigurationIsVisible = 0;
			defaultConfigurationName = Release;
		};
		9A8A28ED2B0B8F87009A412F /* Build configuration list for PBXNativeTarget "Scrumdinger" */ = {
			isa = XCConfigurationList;
			buildConfigurations = (
				9A8A28EE2B0B8F87009A412F /* Debug */,
				9A8A28EF2B0B8F87009A412F /* Release */,
			);
			defaultConfigurationIsVisible = 0;
			defaultConfigurationName = Release;
		};
		9A8A28F02B0B8F87009A412F /* Build configuration list for PBXNativeTarget "ScrumdingerTests" */ = {
			isa = XCConfigurationList;
			buildConfigurations = (
				9A8A28F12B0B8F87009A412F /* Debug */,
				9A8A28F22B0B8F87009A412F /* Release */,
			);
			defaultConfigurationIsVisible = 0;
			defaultConfigurationName = Release;
		};
		9A8A28F32B0B8F87009A412F /* Build configuration list for PBXNativeTarget "ScrumdingerUITests" */ = {
			isa = XCConfigurationList;
			buildConfigurations = (
				9A8A28F42B0B8F87009A412F /* Debug */,
				9A8A28F52B0B8F87009A412F /* Release */,
			);
			defaultConfigurationIsVisible = 0;
			defaultConfigurationName = Release;
		};
/* End XCConfigurationList section */
	};
	rootObject = 9A8A28C12B0B8F85009A412F /* Project object */;
}
